
Microsoft Visual Studio Solution File, Format Version 12.00
# Visual Studio Version 17
VisualStudioVersion = 17.10.35027.167
MinimumVisualStudioVersion = 10.0.40219.1
Project("{E24C65DC-7377-472B-9ABA-BC803B73C61A}") = "pimaamateurradioclub", ".", "{DB42A215-C1D8-467D-9722-BBE8171BA2A5}"
	ProjectSection(WebsiteProperties) = preProject
		TargetFrameworkMoniker = ".NETFramework,Version%3Dv4.8"
		Debug.AspNetCompiler.VirtualPath = "/localhost_65194"
		Debug.AspNetCompiler.PhysicalPath = "..\pimaamateurradioclub\"
		Debug.AspNetCompiler.TargetPath = "PrecompiledWeb\localhost_65194\"
		Debug.AspNetCompiler.Updateable = "true"
		Debug.AspNetCompiler.ForceOverwrite = "true"
		Debug.AspNetCompiler.FixedNames = "false"
		Debug.AspNetCompiler.Debug = "True"
		Release.AspNetCompiler.VirtualPath = "/localhost_65194"
		Release.AspNetCompiler.PhysicalPath = "..\pimaamateurradioclub\"
		Release.AspNetCompiler.TargetPath = "PrecompiledWeb\localhost_65194\"
		Release.AspNetCompiler.Updateable = "true"
		Release.AspNetCompiler.ForceOverwrite = "true"
		Release.AspNetCompiler.FixedNames = "false"
		Release.AspNetCompiler.Debug = "False"
		VWDPort = "65194"
		SlnRelativePath = "..\pimaamateurradioclub\"
	EndProjectSection
EndProject
Global
	GlobalSection(SolutionConfigurationPlatforms) = preSolution
		Debug|Any CPU = Debug|Any CPU
	EndGlobalSection
	GlobalSection(ProjectConfigurationPlatforms) = postSolution
		{DB42A215-C1D8-467D-9722-BBE8171BA2A5}.Debug|Any CPU.ActiveCfg = Debug|Any CPU
		{DB42A215-C1D8-467D-9722-BBE8171BA2A5}.Debug|Any CPU.Build.0 = Debug|Any CPU
	EndGlobalSection
	GlobalSection(SolutionProperties) = preSolution
		HideSolutionNode = FALSE
	EndGlobalSection
	GlobalSection(ExtensibilityGlobals) = postSolution
		SolutionGuid = {F0995F13-F275-4ABD-992D-9931FCA0E792}
	EndGlobalSection
EndGlobal
